
Microsoft Visual Studio Solution File, Format Version 12.00
# Visual Studio Version 16
VisualStudioVersion = 16.0.30907.101
MinimumVisualStudioVersion = 10.0.40219.1
Project("{8BC9CEB8-8B4A-11D0-8D11-00A0C91BC942}") = "A", "A.vcxproj", "{105CE605-A8E3-4906-82C3-FEDEDC2BAE68}"
EndProject
Global
	GlobalSection(SolutionConfigurationPlatforms) = preSolution
		Debug|x64 = Debug|x64
		Debug|x86 = Debug|x86
		Release|x64 = Release|x64
		Release|x86 = Release|x86
	EndGlobalSection
	GlobalSection(ProjectConfigurationPlatforms) = postSolution
		{105CE605-A8E3-4906-82C3-FEDEDC2BAE68}.Debug|x64.ActiveCfg = Debug|x64
		{105CE605-A8E3-4906-82C3-FEDEDC2BAE68}.Debug|x64.Build.0 = Debug|x64
		{105CE605-A8E3-4906-82C3-FEDEDC2BAE68}.Debug|x86.ActiveCfg = Debug|Win32
		{105CE605-A8E3-4906-82C3-FEDEDC2BAE68}.Debug|x86.Build.0 = Debug|Win32
		{105CE605-A8E3-4906-82C3-FEDEDC2BAE68}.Release|x64.ActiveCfg = Release|x64
		{105CE605-A8E3-4906-82C3-FEDEDC2BAE68}.Release|x64.Build.0 = Release|x64
		{105CE605-A8E3-4906-82C3-FEDEDC2BAE68}.Release|x86.ActiveCfg = Release|Win32
		{105CE605-A8E3-4906-82C3-FEDEDC2BAE68}.Release|x86.Build.0 = Release|Win32
	EndGlobalSection
	GlobalSection(SolutionProperties) = preSolution
		HideSolutionNode = FALSE
	EndGlobalSection
	GlobalSection(ExtensibilityGlobals) = postSolution
		SolutionGuid = {D9AE5EB6-8C53-499C-979F-B90F534F2796}
	EndGlobalSection
EndGlobal
